
Microsoft Visual Studio Solution File, Format Version 12.00
# Visual Studio Version 16
VisualStudioVersion = 16.0.33423.256
MinimumVisualStudioVersion = 10.0.40219.1
Project("{8BC9CEB8-8B4A-11D0-8D11-00A0C91BC942}") = "DSTR_Assignment", "DSTR_Assignment.vcxproj", "{78135811-CD95-48E0-967B-9B9903CBA493}"
EndProject
Global
	GlobalSection(SolutionConfigurationPlatforms) = preSolution
		Debug|x64 = Debug|x64
		Debug|x86 = Debug|x86
		Release|x64 = Release|x64
		Release|x86 = Release|x86
	EndGlobalSection
	GlobalSection(ProjectConfigurationPlatforms) = postSolution
		{78135811-CD95-48E0-967B-9B9903CBA493}.Debug|x64.ActiveCfg = Debug|x64
		{78135811-CD95-48E0-967B-9B9903CBA493}.Debug|x64.Build.0 = Debug|x64
		{78135811-CD95-48E0-967B-9B9903CBA493}.Debug|x86.ActiveCfg = Debug|Win32
		{78135811-CD95-48E0-967B-9B9903CBA493}.Debug|x86.Build.0 = Debug|Win32
		{78135811-CD95-48E0-967B-9B9903CBA493}.Release|x64.ActiveCfg = Release|x64
		{78135811-CD95-48E0-967B-9B9903CBA493}.Release|x64.Build.0 = Release|x64
		{78135811-CD95-48E0-967B-9B9903CBA493}.Release|x86.ActiveCfg = Release|Win32
		{78135811-CD95-48E0-967B-9B9903CBA493}.Release|x86.Build.0 = Release|Win32
	EndGlobalSection
	GlobalSection(SolutionProperties) = preSolution
		HideSolutionNode = FALSE
	EndGlobalSection
	GlobalSection(ExtensibilityGlobals) = postSolution
		SolutionGuid = {B53FD105-0FAC-4258-B623-2054F68A21E1}
	EndGlobalSection
EndGlobal
